
Microsoft Visual Studio Solution File, Format Version 12.00
# Visual Studio Version 17
VisualStudioVersion = 17.14.36429.23 d17.14
MinimumVisualStudioVersion = 10.0.40219.1
Project("{FAE04EC0-301F-11D3-BF4B-00C04F79EFBC}") = "MusicShop.Common", "MusicShop.Common\MusicShop.Common.csproj", "{6B259D7B-FF6F-4CB2-A444-2150C9B95F14}"
EndProject
Global
	GlobalSection(SolutionConfigurationPlatforms) = preSolution
		Debug|Any CPU = Debug|Any CPU
		Release|Any CPU = Release|Any CPU
	EndGlobalSection
	GlobalSection(ProjectConfigurationPlatforms) = postSolution
		{6B259D7B-FF6F-4CB2-A444-2150C9B95F14}.Debug|Any CPU.ActiveCfg = Debug|Any CPU
		{6B259D7B-FF6F-4CB2-A444-2150C9B95F14}.Debug|Any CPU.Build.0 = Debug|Any CPU
		{6B259D7B-FF6F-4CB2-A444-2150C9B95F14}.Release|Any CPU.ActiveCfg = Release|Any CPU
		{6B259D7B-FF6F-4CB2-A444-2150C9B95F14}.Release|Any CPU.Build.0 = Release|Any CPU
	EndGlobalSection
	GlobalSection(SolutionProperties) = preSolution
		HideSolutionNode = FALSE
	EndGlobalSection
	GlobalSection(ExtensibilityGlobals) = postSolution
		SolutionGuid = {61AEBD07-CB8D-4A03-9470-38FB6DD6C4F9}
	EndGlobalSection
EndGlobal
